
Microsoft Visual Studio Solution File, Format Version 12.00
# Visual Studio Version 17
VisualStudioVersion = 17.9.34728.123
MinimumVisualStudioVersion = 10.0.40219.1
Project("{9A19103F-16F7-4668-BE54-9A1E7A4F7556}") = "BookManager_anhdl", "WinFormsApp1\BookManager_anhdl.csproj", "{E7B54270-D71A-4AA3-A595-253B2DE1E9B2}"
EndProject
Project("{9A19103F-16F7-4668-BE54-9A1E7A4F7556}") = "Repositories", "Repositories\Repositories.csproj", "{FA23A8C7-9C7D-4A3B-B89F-77914A0BB6B7}"
EndProject
Project("{9A19103F-16F7-4668-BE54-9A1E7A4F7556}") = "Services", "Services\Services.csproj", "{824711F6-0E12-4363-A2DC-D24BCC43FB1A}"
EndProject
Global
	GlobalSection(SolutionConfigurationPlatforms) = preSolution
		Debug|Any CPU = Debug|Any CPU
		Release|Any CPU = Release|Any CPU
	EndGlobalSection
	GlobalSection(ProjectConfigurationPlatforms) = postSolution
		{E7B54270-D71A-4AA3-A595-253B2DE1E9B2}.Debug|Any CPU.ActiveCfg = Debug|Any CPU
		{E7B54270-D71A-4AA3-A595-253B2DE1E9B2}.Debug|Any CPU.Build.0 = Debug|Any CPU
		{E7B54270-D71A-4AA3-A595-253B2DE1E9B2}.Release|Any CPU.ActiveCfg = Release|Any CPU
		{E7B54270-D71A-4AA3-A595-253B2DE1E9B2}.Release|Any CPU.Build.0 = Release|Any CPU
		{FA23A8C7-9C7D-4A3B-B89F-77914A0BB6B7}.Debug|Any CPU.ActiveCfg = Debug|Any CPU
		{FA23A8C7-9C7D-4A3B-B89F-77914A0BB6B7}.Debug|Any CPU.Build.0 = Debug|Any CPU
		{FA23A8C7-9C7D-4A3B-B89F-77914A0BB6B7}.Release|Any CPU.ActiveCfg = Release|Any CPU
		{FA23A8C7-9C7D-4A3B-B89F-77914A0BB6B7}.Release|Any CPU.Build.0 = Release|Any CPU
		{824711F6-0E12-4363-A2DC-D24BCC43FB1A}.Debug|Any CPU.ActiveCfg = Debug|Any CPU
		{824711F6-0E12-4363-A2DC-D24BCC43FB1A}.Debug|Any CPU.Build.0 = Debug|Any CPU
		{824711F6-0E12-4363-A2DC-D24BCC43FB1A}.Release|Any CPU.ActiveCfg = Release|Any CPU
		{824711F6-0E12-4363-A2DC-D24BCC43FB1A}.Release|Any CPU.Build.0 = Release|Any CPU
	EndGlobalSection
	GlobalSection(SolutionProperties) = preSolution
		HideSolutionNode = FALSE
	EndGlobalSection
	GlobalSection(ExtensibilityGlobals) = postSolution
		SolutionGuid = {7061DA9A-96F7-48FA-8C9B-2EA1F4AFC6F8}
	EndGlobalSection
EndGlobal
