
Microsoft Visual Studio Solution File, Format Version 12.00
# Visual Studio Version 17
VisualStudioVersion = 17.9.34728.123
MinimumVisualStudioVersion = 10.0.40219.1
Project("{FAE04EC0-301F-11D3-BF4B-00C04F79EFBC}") = "Number", "Number\Number.csproj", "{544D05F8-E4FB-41FD-A8CA-16CF1E4A408F}"
EndProject
Project("{FAE04EC0-301F-11D3-BF4B-00C04F79EFBC}") = "Students", "Students\Students.csproj", "{77E4415F-540E-4A8B-9506-DECBF421FF1E}"
EndProject
Global
	GlobalSection(SolutionConfigurationPlatforms) = preSolution
		Debug|Any CPU = Debug|Any CPU
		Release|Any CPU = Release|Any CPU
	EndGlobalSection
	GlobalSection(ProjectConfigurationPlatforms) = postSolution
		{544D05F8-E4FB-41FD-A8CA-16CF1E4A408F}.Debug|Any CPU.ActiveCfg = Debug|Any CPU
		{544D05F8-E4FB-41FD-A8CA-16CF1E4A408F}.Debug|Any CPU.Build.0 = Debug|Any CPU
		{544D05F8-E4FB-41FD-A8CA-16CF1E4A408F}.Release|Any CPU.ActiveCfg = Release|Any CPU
		{544D05F8-E4FB-41FD-A8CA-16CF1E4A408F}.Release|Any CPU.Build.0 = Release|Any CPU
		{77E4415F-540E-4A8B-9506-DECBF421FF1E}.Debug|Any CPU.ActiveCfg = Debug|Any CPU
		{77E4415F-540E-4A8B-9506-DECBF421FF1E}.Debug|Any CPU.Build.0 = Debug|Any CPU
		{77E4415F-540E-4A8B-9506-DECBF421FF1E}.Release|Any CPU.ActiveCfg = Release|Any CPU
		{77E4415F-540E-4A8B-9506-DECBF421FF1E}.Release|Any CPU.Build.0 = Release|Any CPU
	EndGlobalSection
	GlobalSection(SolutionProperties) = preSolution
		HideSolutionNode = FALSE
	EndGlobalSection
	GlobalSection(ExtensibilityGlobals) = postSolution
		SolutionGuid = {DF3EAAC6-0E65-4A5B-8CBA-6F587C5918E0}
	EndGlobalSection
EndGlobal
