
Microsoft Visual Studio Solution File, Format Version 12.00
# Visual Studio Version 17
VisualStudioVersion = 17.9.34728.123
MinimumVisualStudioVersion = 10.0.40219.1
Project("{9A19103F-16F7-4668-BE54-9A1E7A4F7556}") = "HappyNewYear", "HappyNewYear.csproj", "{AB5B7235-79E1-4D9E-97DB-7C6879363D12}"
EndProject
Global
	GlobalSection(SolutionConfigurationPlatforms) = preSolution
		Debug|Any CPU = Debug|Any CPU
		Release|Any CPU = Release|Any CPU
	EndGlobalSection
	GlobalSection(ProjectConfigurationPlatforms) = postSolution
		{AB5B7235-79E1-4D9E-97DB-7C6879363D12}.Debug|Any CPU.ActiveCfg = Debug|Any CPU
		{AB5B7235-79E1-4D9E-97DB-7C6879363D12}.Debug|Any CPU.Build.0 = Debug|Any CPU
		{AB5B7235-79E1-4D9E-97DB-7C6879363D12}.Release|Any CPU.ActiveCfg = Release|Any CPU
		{AB5B7235-79E1-4D9E-97DB-7C6879363D12}.Release|Any CPU.Build.0 = Release|Any CPU
	EndGlobalSection
	GlobalSection(SolutionProperties) = preSolution
		HideSolutionNode = FALSE
	EndGlobalSection
	GlobalSection(ExtensibilityGlobals) = postSolution
		SolutionGuid = {B896FEC9-F9E0-4BBF-AA79-BDF19F009B26}
	EndGlobalSection
EndGlobal
